
Microsoft Visual Studio Solution File, Format Version 12.00
# Visual Studio 2017
Project("{FAE04EC0-301F-11D3-BF4B-00C04F79EFBC}") = "Terraintest.Plugins", "Terraintest.Plugins.csproj", "{CA85AB51-1E38-ED11-BFC0-4A77E2444355}"
EndProject
Project("{FAE04EC0-301F-11D3-BF4B-00C04F79EFBC}") = "Terraintest", "Terraintest.csproj", "{609E6DDB-0514-D9FE-1182-62E61A054D0E}"
EndProject
Project("{FAE04EC0-301F-11D3-BF4B-00C04F79EFBC}") = "Terraintest.Editor.Plugins", "Terraintest.Editor.Plugins.csproj", "{7852C7C6-FBC5-7AAA-67F4-7288575F5A41}"
EndProject
Global
	GlobalSection(SolutionConfigurationPlatforms) = preSolution
		Debug|Any CPU = Debug|Any CPU
		Release|Any CPU = Release|Any CPU
	EndGlobalSection
	GlobalSection(ProjectConfigurationPlatforms) = postSolution
		{CA85AB51-1E38-ED11-BFC0-4A77E2444355}.Debug|Any CPU.ActiveCfg = Debug|Any CPU
		{CA85AB51-1E38-ED11-BFC0-4A77E2444355}.Debug|Any CPU.Build.0 = Debug|Any CPU
		{CA85AB51-1E38-ED11-BFC0-4A77E2444355}.Release|Any CPU.ActiveCfg = Release|Any CPU
		{CA85AB51-1E38-ED11-BFC0-4A77E2444355}.Release|Any CPU.Build.0 = Release|Any CPU
		{609E6DDB-0514-D9FE-1182-62E61A054D0E}.Debug|Any CPU.ActiveCfg = Debug|Any CPU
		{609E6DDB-0514-D9FE-1182-62E61A054D0E}.Debug|Any CPU.Build.0 = Debug|Any CPU
		{609E6DDB-0514-D9FE-1182-62E61A054D0E}.Release|Any CPU.ActiveCfg = Release|Any CPU
		{609E6DDB-0514-D9FE-1182-62E61A054D0E}.Release|Any CPU.Build.0 = Release|Any CPU
		{7852C7C6-FBC5-7AAA-67F4-7288575F5A41}.Debug|Any CPU.ActiveCfg = Debug|Any CPU
		{7852C7C6-FBC5-7AAA-67F4-7288575F5A41}.Debug|Any CPU.Build.0 = Debug|Any CPU
		{7852C7C6-FBC5-7AAA-67F4-7288575F5A41}.Release|Any CPU.ActiveCfg = Release|Any CPU
		{7852C7C6-FBC5-7AAA-67F4-7288575F5A41}.Release|Any CPU.Build.0 = Release|Any CPU
	EndGlobalSection
	GlobalSection(SolutionProperties) = preSolution
		HideSolutionNode = FALSE
	EndGlobalSection
EndGlobal
